
Microsoft Visual Studio Solution File, Format Version 12.00
# Visual Studio Version 16
VisualStudioVersion = 16.0.33130.400
MinimumVisualStudioVersion = 10.0.40219.1
Project("{FAE04EC0-301F-11D3-BF4B-00C04F79EFBC}") = "RahimiProcess", "RahimiProcess.csproj", "{06338383-44B4-4398-958B-4B159D93FF77}"
EndProject
Global
	GlobalSection(SolutionConfigurationPlatforms) = preSolution
		Debug|Any CPU = Debug|Any CPU
		Release|Any CPU = Release|Any CPU
	EndGlobalSection
	GlobalSection(ProjectConfigurationPlatforms) = postSolution
		{06338383-44B4-4398-958B-4B159D93FF77}.Debug|Any CPU.ActiveCfg = Debug|Any CPU
		{06338383-44B4-4398-958B-4B159D93FF77}.Debug|Any CPU.Build.0 = Debug|Any CPU
		{06338383-44B4-4398-958B-4B159D93FF77}.Release|Any CPU.ActiveCfg = Release|Any CPU
		{06338383-44B4-4398-958B-4B159D93FF77}.Release|Any CPU.Build.0 = Release|Any CPU
	EndGlobalSection
	GlobalSection(SolutionProperties) = preSolution
		HideSolutionNode = FALSE
	EndGlobalSection
	GlobalSection(ExtensibilityGlobals) = postSolution
		SolutionGuid = {373918E8-B0BC-4D9A-98E4-F7B710296C64}
	EndGlobalSection
EndGlobal
